
Microsoft Visual Studio Solution File, Format Version 12.00
# Visual Studio Version 16
VisualStudioVersion = 16.0.31424.327
MinimumVisualStudioVersion = 10.0.40219.1
Project("{FAE04EC0-301F-11D3-BF4B-00C04F79EFBC}") = "List", "List\List.csproj", "{DAC02B1F-806B-4336-B289-CB8697F983D5}"
EndProject
Global
	GlobalSection(SolutionConfigurationPlatforms) = preSolution
		Debug|Any CPU = Debug|Any CPU
		Release|Any CPU = Release|Any CPU
	EndGlobalSection
	GlobalSection(ProjectConfigurationPlatforms) = postSolution
		{DAC02B1F-806B-4336-B289-CB8697F983D5}.Debug|Any CPU.ActiveCfg = Debug|Any CPU
		{DAC02B1F-806B-4336-B289-CB8697F983D5}.Debug|Any CPU.Build.0 = Debug|Any CPU
		{DAC02B1F-806B-4336-B289-CB8697F983D5}.Release|Any CPU.ActiveCfg = Release|Any CPU
		{DAC02B1F-806B-4336-B289-CB8697F983D5}.Release|Any CPU.Build.0 = Release|Any CPU
	EndGlobalSection
	GlobalSection(SolutionProperties) = preSolution
		HideSolutionNode = FALSE
	EndGlobalSection
	GlobalSection(ExtensibilityGlobals) = postSolution
		SolutionGuid = {5DB92013-76A4-4583-A1EB-6997104B58E8}
	EndGlobalSection
EndGlobal
